{
  "requires": true,
  "lockfileVersion": 1,
  "dependencies": {
    "confetti-js": {
      "version": "0.0.18",
      "resolved": "https://registry.npmjs.org/confetti-js/-/confetti-js-0.0.18.tgz",
      "integrity": "sha512-0B7pYmZGBZuBkN32ydjWRpJLfRUT9KZYkQKkC4SGrAsUq0XE2DLY5foCWBXMXXVg7sFKs3qIb+qsDx1eFTeSvA=="
    }
  }
}
